
Microsoft Visual Studio Solution File, Format Version 12.00
# Visual Studio 14
VisualStudioVersion = 14.0.23107.0
MinimumVisualStudioVersion = 10.0.40219.1
Project("{E24C65DC-7377-472B-9ABA-BC803B73C61A}") = "LINENotify", "..\LINENotify", "{E200F527-058C-45F3-9AB6-74A49D489AAC}"
	ProjectSection(WebsiteProperties) = preProject
		TargetFrameworkMoniker = ".NETFramework,Version%3Dv4.0"
		Debug.AspNetCompiler.VirtualPath = "/localhost_53618"
		Debug.AspNetCompiler.PhysicalPath = "..\LINENotify\"
		Debug.AspNetCompiler.TargetPath = "PrecompiledWeb\localhost_53618\"
		Debug.AspNetCompiler.Updateable = "true"
		Debug.AspNetCompiler.ForceOverwrite = "true"
		Debug.AspNetCompiler.FixedNames = "false"
		Debug.AspNetCompiler.Debug = "True"
		Release.AspNetCompiler.VirtualPath = "/localhost_53618"
		Release.AspNetCompiler.PhysicalPath = "..\LINENotify\"
		Release.AspNetCompiler.TargetPath = "PrecompiledWeb\localhost_53618\"
		Release.AspNetCompiler.Updateable = "true"
		Release.AspNetCompiler.ForceOverwrite = "true"
		Release.AspNetCompiler.FixedNames = "false"
		Release.AspNetCompiler.Debug = "False"
		VWDPort = "53618"
		SlnRelativePath = "..\LINENotify\"
	EndProjectSection
EndProject
Global
	GlobalSection(SolutionConfigurationPlatforms) = preSolution
		Debug|Any CPU = Debug|Any CPU
	EndGlobalSection
	GlobalSection(ProjectConfigurationPlatforms) = postSolution
		{E200F527-058C-45F3-9AB6-74A49D489AAC}.Debug|Any CPU.ActiveCfg = Debug|Any CPU
		{E200F527-058C-45F3-9AB6-74A49D489AAC}.Debug|Any CPU.Build.0 = Debug|Any CPU
	EndGlobalSection
	GlobalSection(SolutionProperties) = preSolution
		HideSolutionNode = FALSE
	EndGlobalSection
EndGlobal
